
Microsoft Visual Studio Solution File, Format Version 12.00
# Visual Studio Version 17
VisualStudioVersion = 17.9.34728.123
MinimumVisualStudioVersion = 10.0.40219.1
Project("{FAE04EC0-301F-11D3-BF4B-00C04F79EFBC}") = "NumeroAsignadoProject", "NumeroAsignadoProject.csproj", "{6BD848AA-78C1-415A-B36C-924355D572B3}"
EndProject
Global
	GlobalSection(SolutionConfigurationPlatforms) = preSolution
		Debug|Any CPU = Debug|Any CPU
		Release|Any CPU = Release|Any CPU
	EndGlobalSection
	GlobalSection(ProjectConfigurationPlatforms) = postSolution
		{6BD848AA-78C1-415A-B36C-924355D572B3}.Debug|Any CPU.ActiveCfg = Debug|Any CPU
		{6BD848AA-78C1-415A-B36C-924355D572B3}.Debug|Any CPU.Build.0 = Debug|Any CPU
		{6BD848AA-78C1-415A-B36C-924355D572B3}.Release|Any CPU.ActiveCfg = Release|Any CPU
		{6BD848AA-78C1-415A-B36C-924355D572B3}.Release|Any CPU.Build.0 = Release|Any CPU
	EndGlobalSection
	GlobalSection(SolutionProperties) = preSolution
		HideSolutionNode = FALSE
	EndGlobalSection
	GlobalSection(ExtensibilityGlobals) = postSolution
		SolutionGuid = {4E534F98-C252-4BD7-B1CF-8F0E82445ACF}
	EndGlobalSection
EndGlobal
